// !$*UTF8*$!
{
	archiveVersion = 1;
	classes = {
	};
	objectVersion = 46;
	objects = {

/* Begin PBXBuildFile section */
		0A7AC07E6C5B415B79087556 /* Pods_MedbrainUITests.framework in Frameworks */ = {isa = PBXBuildFile; fileRef = 5B539FAF00C6AAE67CA0493D /* Pods_MedbrainUITests.framework */; };
		20B41655D6E2DC47AAF9FACD /* Pods_MedbrainTests.framework in Frameworks */ = {isa = PBXBuildFile; fileRef = 0B82A7D99F4C16191DE740A0 /* Pods_MedbrainTests.framework */; };
		3C0FD4D51D6385E2009427EE /* AppDelegate.swift in Sources */ = {isa = PBXBuildFile; fileRef = 3C0FD4D41D6385E2009427EE /* AppDelegate.swift */; };
		3C0FD4DA1D6385E2009427EE /* Main.storyboard in Resources */ = {isa = PBXBuildFile; fileRef = 3C0FD4D81D6385E2009427EE /* Main.storyboard */; };
		3C0FD4DC1D6385E2009427EE /* Assets.xcassets in Resources */ = {isa = PBXBuildFile; fileRef = 3C0FD4DB1D6385E2009427EE /* Assets.xcassets */; };
		3C0FD4DF1D6385E2009427EE /* LaunchScreen.storyboard in Resources */ = {isa = PBXBuildFile; fileRef = 3C0FD4DD1D6385E2009427EE /* LaunchScreen.storyboard */; };
		3C0FD4EA1D6385E2009427EE /* MedbrainTests.swift in Sources */ = {isa = PBXBuildFile; fileRef = 3C0FD4E91D6385E2009427EE /* MedbrainTests.swift */; };
		3C0FD4F51D6385E2009427EE /* MedbrainUITests.swift in Sources */ = {isa = PBXBuildFile; fileRef = 3C0FD4F41D6385E2009427EE /* MedbrainUITests.swift */; };
		3C0FD5031D638E81009427EE /* SessionManager.swift in Sources */ = {isa = PBXBuildFile; fileRef = 3C0FD5021D638E81009427EE /* SessionManager.swift */; };
		3C0FD5051D638ED5009427EE /* PatientSignInViewController.swift in Sources */ = {isa = PBXBuildFile; fileRef = 3C0FD5041D638ED5009427EE /* PatientSignInViewController.swift */; };
		3C0FD5071D638FCB009427EE /* SeparatorView.swift in Sources */ = {isa = PBXBuildFile; fileRef = 3C0FD5061D638FCB009427EE /* SeparatorView.swift */; };
		3C0FD5091D639486009427EE /* PatientMedicationsViewController.swift in Sources */ = {isa = PBXBuildFile; fileRef = 3C0FD5081D639486009427EE /* PatientMedicationsViewController.swift */; };
		3C0FD50B1D639BE1009427EE /* Localizable.stringsdict in Resources */ = {isa = PBXBuildFile; fileRef = 3C0FD50A1D639BE1009427EE /* Localizable.stringsdict */; };
		3C0FD5171D639C54009427EE /* MedicationOrderTableViewCell.swift in Sources */ = {isa = PBXBuildFile; fileRef = 3C0FD50D1D639C54009427EE /* MedicationOrderTableViewCell.swift */; };
		3C0FD5181D639C54009427EE /* MedicationOrder+Instructions.swift in Sources */ = {isa = PBXBuildFile; fileRef = 3C0FD50E1D639C54009427EE /* MedicationOrder+Instructions.swift */; };
		3C0FD5191D639C54009427EE /* EventTiming.swift in Sources */ = {isa = PBXBuildFile; fileRef = 3C0FD50F1D639C54009427EE /* EventTiming.swift */; };
		3C0FD51A1D639C54009427EE /* LocalizedSentenceBuildingSupport.swift in Sources */ = {isa = PBXBuildFile; fileRef = 3C0FD5101D639C54009427EE /* LocalizedSentenceBuildingSupport.swift */; };
		3C0FD51B1D639C54009427EE /* TimingBounds.swift in Sources */ = {isa = PBXBuildFile; fileRef = 3C0FD5111D639C54009427EE /* TimingBounds.swift */; };
		3C0FD51C1D639C54009427EE /* Duration.swift in Sources */ = {isa = PBXBuildFile; fileRef = 3C0FD5121D639C54009427EE /* Duration.swift */; };
		3C0FD51D1D639C54009427EE /* Period.swift in Sources */ = {isa = PBXBuildFile; fileRef = 3C0FD5131D639C54009427EE /* Period.swift */; };
		3C0FD51E1D639C54009427EE /* Frequency.swift in Sources */ = {isa = PBXBuildFile; fileRef = 3C0FD5141D639C54009427EE /* Frequency.swift */; };
		3C0FD51F1D639C54009427EE /* Combinations.swift in Sources */ = {isa = PBXBuildFile; fileRef = 3C0FD5151D639C54009427EE /* Combinations.swift */; };
		3C0FD5201D639C54009427EE /* TimingUnit.swift in Sources */ = {isa = PBXBuildFile; fileRef = 3C0FD5161D639C54009427EE /* TimingUnit.swift */; };
		3C0FD5221D63A018009427EE /* MedicationDetailViewController.swift in Sources */ = {isa = PBXBuildFile; fileRef = 3C0FD5211D63A018009427EE /* MedicationDetailViewController.swift */; };
		3C0FD5241D63A178009427EE /* MedicationAdministrationTableViewCell.swift in Sources */ = {isa = PBXBuildFile; fileRef = 3C0FD5231D63A178009427EE /* MedicationAdministrationTableViewCell.swift */; };
		3C0FD5261D63A290009427EE /* NSDate+DateGrouping.swift in Sources */ = {isa = PBXBuildFile; fileRef = 3C0FD5251D63A290009427EE /* NSDate+DateGrouping.swift */; };
		3C54926D1D63BF1B0099D634 /* CreateMedicationAdmistrationViewController.swift in Sources */ = {isa = PBXBuildFile; fileRef = 3C54926C1D63BF1B0099D634 /* CreateMedicationAdmistrationViewController.swift */; };
		3C54926F1D63C3B90099D634 /* PatientDetailViewController.swift in Sources */ = {isa = PBXBuildFile; fileRef = 3C54926E1D63C3B90099D634 /* PatientDetailViewController.swift */; };
		5D708BB02912ECC28116083D /* Pods_Medbrain.framework in Frameworks */ = {isa = PBXBuildFile; fileRef = 12F04E2FC5FD3A7349DADC81 /* Pods_Medbrain.framework */; };
/* End PBXBuildFile section */

/* Begin PBXContainerItemProxy section */
		3C0FD4E61D6385E2009427EE /* PBXContainerItemProxy */ = {
			isa = PBXContainerItemProxy;
			containerPortal = 3C0FD4C91D6385E2009427EE /* Project object */;
			proxyType = 1;
			remoteGlobalIDString = 3C0FD4D01D6385E2009427EE;
			remoteInfo = Medbrain;
		};
		3C0FD4F11D6385E2009427EE /* PBXContainerItemProxy */ = {
			isa = PBXContainerItemProxy;
			containerPortal = 3C0FD4C91D6385E2009427EE /* Project object */;
			proxyType = 1;
			remoteGlobalIDString = 3C0FD4D01D6385E2009427EE;
			remoteInfo = Medbrain;
		};
/* End PBXContainerItemProxy section */

/* Begin PBXFileReference section */
		01D8EA6EF9CEE663EADB39D1 /* Pods-Medbrain.debug.xcconfig */ = {isa = PBXFileReference; includeInIndex = 1; lastKnownFileType = text.xcconfig; name = "Pods-Medbrain.debug.xcconfig"; path = "Pods/Target Support Files/Pods-Medbrain/Pods-Medbrain.debug.xcconfig"; sourceTree = "<group>"; };
		0B82A7D99F4C16191DE740A0 /* Pods_MedbrainTests.framework */ = {isa = PBXFileReference; explicitFileType = wrapper.framework; includeInIndex = 0; path = Pods_MedbrainTests.framework; sourceTree = BUILT_PRODUCTS_DIR; };
		12F04E2FC5FD3A7349DADC81 /* Pods_Medbrain.framework */ = {isa = PBXFileReference; explicitFileType = wrapper.framework; includeInIndex = 0; path = Pods_Medbrain.framework; sourceTree = BUILT_PRODUCTS_DIR; };
		27D90A1F7B4FA425700B44F9 /* Pods-MedbrainUITests.debug.xcconfig */ = {isa = PBXFileReference; includeInIndex = 1; lastKnownFileType = text.xcconfig; name = "Pods-MedbrainUITests.debug.xcconfig"; path = "Pods/Target Support Files/Pods-MedbrainUITests/Pods-MedbrainUITests.debug.xcconfig"; sourceTree = "<group>"; };
		3C0FD4D11D6385E2009427EE /* Medbrain.app */ = {isa = PBXFileReference; explicitFileType = wrapper.application; includeInIndex = 0; path = Medbrain.app; sourceTree = BUILT_PRODUCTS_DIR; };
		3C0FD4D41D6385E2009427EE /* AppDelegate.swift */ = {isa = PBXFileReference; lastKnownFileType = sourcecode.swift; path = AppDelegate.swift; sourceTree = "<group>"; };
		3C0FD4D91D6385E2009427EE /* Base */ = {isa = PBXFileReference; lastKnownFileType = file.storyboard; name = Base; path = Base.lproj/Main.storyboard; sourceTree = "<group>"; };
		3C0FD4DB1D6385E2009427EE /* Assets.xcassets */ = {isa = PBXFileReference; lastKnownFileType = folder.assetcatalog; path = Assets.xcassets; sourceTree = "<group>"; };
		3C0FD4DE1D6385E2009427EE /* Base */ = {isa = PBXFileReference; lastKnownFileType = file.storyboard; name = Base; path = Base.lproj/LaunchScreen.storyboard; sourceTree = "<group>"; };
		3C0FD4E01D6385E2009427EE /* Info.plist */ = {isa = PBXFileReference; lastKnownFileType = text.plist.xml; path = Info.plist; sourceTree = "<group>"; };
		3C0FD4E51D6385E2009427EE /* MedbrainTests.xctest */ = {isa = PBXFileReference; explicitFileType = wrapper.cfbundle; includeInIndex = 0; path = MedbrainTests.xctest; sourceTree = BUILT_PRODUCTS_DIR; };
		3C0FD4E91D6385E2009427EE /* MedbrainTests.swift */ = {isa = PBXFileReference; lastKnownFileType = sourcecode.swift; path = MedbrainTests.swift; sourceTree = "<group>"; };
		3C0FD4EB1D6385E2009427EE /* Info.plist */ = {isa = PBXFileReference; lastKnownFileType = text.plist.xml; path = Info.plist; sourceTree = "<group>"; };
		3C0FD4F01D6385E2009427EE /* MedbrainUITests.xctest */ = {isa = PBXFileReference; explicitFileType = wrapper.cfbundle; includeInIndex = 0; path = MedbrainUITests.xctest; sourceTree = BUILT_PRODUCTS_DIR; };
		3C0FD4F41D6385E2009427EE /* MedbrainUITests.swift */ = {isa = PBXFileReference; lastKnownFileType = sourcecode.swift; path = MedbrainUITests.swift; sourceTree = "<group>"; };
		3C0FD4F61D6385E2009427EE /* Info.plist */ = {isa = PBXFileReference; lastKnownFileType = text.plist.xml; path = Info.plist; sourceTree = "<group>"; };
		3C0FD5021D638E81009427EE /* SessionManager.swift */ = {isa = PBXFileReference; fileEncoding = 4; lastKnownFileType = sourcecode.swift; path = SessionManager.swift; sourceTree = "<group>"; };
		3C0FD5041D638ED5009427EE /* PatientSignInViewController.swift */ = {isa = PBXFileReference; fileEncoding = 4; lastKnownFileType = sourcecode.swift; path = PatientSignInViewController.swift; sourceTree = "<group>"; };
		3C0FD5061D638FCB009427EE /* SeparatorView.swift */ = {isa = PBXFileReference; fileEncoding = 4; lastKnownFileType = sourcecode.swift; path = SeparatorView.swift; sourceTree = "<group>"; };
		3C0FD5081D639486009427EE /* PatientMedicationsViewController.swift */ = {isa = PBXFileReference; fileEncoding = 4; lastKnownFileType = sourcecode.swift; path = PatientMedicationsViewController.swift; sourceTree = "<group>"; };
		3C0FD50A1D639BE1009427EE /* Localizable.stringsdict */ = {isa = PBXFileReference; fileEncoding = 4; lastKnownFileType = text.plist.stringsdict; path = Localizable.stringsdict; sourceTree = "<group>"; };
		3C0FD50D1D639C54009427EE /* MedicationOrderTableViewCell.swift */ = {isa = PBXFileReference; fileEncoding = 4; lastKnownFileType = sourcecode.swift; path = MedicationOrderTableViewCell.swift; sourceTree = "<group>"; };
		3C0FD50E1D639C54009427EE /* MedicationOrder+Instructions.swift */ = {isa = PBXFileReference; fileEncoding = 4; lastKnownFileType = sourcecode.swift; path = "MedicationOrder+Instructions.swift"; sourceTree = "<group>"; };
		3C0FD50F1D639C54009427EE /* EventTiming.swift */ = {isa = PBXFileReference; fileEncoding = 4; lastKnownFileType = sourcecode.swift; path = EventTiming.swift; sourceTree = "<group>"; };
		3C0FD5101D639C54009427EE /* LocalizedSentenceBuildingSupport.swift */ = {isa = PBXFileReference; fileEncoding = 4; lastKnownFileType = sourcecode.swift; path = LocalizedSentenceBuildingSupport.swift; sourceTree = "<group>"; };
		3C0FD5111D639C54009427EE /* TimingBounds.swift */ = {isa = PBXFileReference; fileEncoding = 4; lastKnownFileType = sourcecode.swift; path = TimingBounds.swift; sourceTree = "<group>"; };
		3C0FD5121D639C54009427EE /* Duration.swift */ = {isa = PBXFileReference; fileEncoding = 4; lastKnownFileType = sourcecode.swift; path = Duration.swift; sourceTree = "<group>"; };
		3C0FD5131D639C54009427EE /* Period.swift */ = {isa = PBXFileReference; fileEncoding = 4; lastKnownFileType = sourcecode.swift; path = Period.swift; sourceTree = "<group>"; };
		3C0FD5141D639C54009427EE /* Frequency.swift */ = {isa = PBXFileReference; fileEncoding = 4; lastKnownFileType = sourcecode.swift; path = Frequency.swift; sourceTree = "<group>"; };
		3C0FD5151D639C54009427EE /* Combinations.swift */ = {isa = PBXFileReference; fileEncoding = 4; lastKnownFileType = sourcecode.swift; path = Combinations.swift; sourceTree = "<group>"; };
		3C0FD5161D639C54009427EE /* TimingUnit.swift */ = {isa = PBXFileReference; fileEncoding = 4; lastKnownFileType = sourcecode.swift; path = TimingUnit.swift; sourceTree = "<group>"; };
		3C0FD5211D63A018009427EE /* MedicationDetailViewController.swift */ = {isa = PBXFileReference; fileEncoding = 4; lastKnownFileType = sourcecode.swift; path = MedicationDetailViewController.swift; sourceTree = "<group>"; };
		3C0FD5231D63A178009427EE /* MedicationAdministrationTableViewCell.swift */ = {isa = PBXFileReference; fileEncoding = 4; lastKnownFileType = sourcecode.swift; path = MedicationAdministrationTableViewCell.swift; sourceTree = "<group>"; };
		3C0FD5251D63A290009427EE /* NSDate+DateGrouping.swift */ = {isa = PBXFileReference; fileEncoding = 4; lastKnownFileType = sourcecode.swift; path = "NSDate+DateGrouping.swift"; sourceTree = "<group>"; };
		3C54926C1D63BF1B0099D634 /* CreateMedicationAdmistrationViewController.swift */ = {isa = PBXFileReference; fileEncoding = 4; lastKnownFileType = sourcecode.swift; path = CreateMedicationAdmistrationViewController.swift; sourceTree = "<group>"; };
		3C54926E1D63C3B90099D634 /* PatientDetailViewController.swift */ = {isa = PBXFileReference; fileEncoding = 4; lastKnownFileType = sourcecode.swift; path = PatientDetailViewController.swift; sourceTree = "<group>"; };
		5B539FAF00C6AAE67CA0493D /* Pods_MedbrainUITests.framework */ = {isa = PBXFileReference; explicitFileType = wrapper.framework; includeInIndex = 0; path = Pods_MedbrainUITests.framework; sourceTree = BUILT_PRODUCTS_DIR; };
		8453BDB2F7066F3B8F9CED95 /* Pods-MedbrainUITests.release.xcconfig */ = {isa = PBXFileReference; includeInIndex = 1; lastKnownFileType = text.xcconfig; name = "Pods-MedbrainUITests.release.xcconfig"; path = "Pods/Target Support Files/Pods-MedbrainUITests/Pods-MedbrainUITests.release.xcconfig"; sourceTree = "<group>"; };
		8D837D47BFF4B1921426FC5A /* Pods-MedbrainTests.release.xcconfig */ = {isa = PBXFileReference; includeInIndex = 1; lastKnownFileType = text.xcconfig; name = "Pods-MedbrainTests.release.xcconfig"; path = "Pods/Target Support Files/Pods-MedbrainTests/Pods-MedbrainTests.release.xcconfig"; sourceTree = "<group>"; };
		A1AA7BE4E716D70824CD75C1 /* Pods-Medbrain.release.xcconfig */ = {isa = PBXFileReference; includeInIndex = 1; lastKnownFileType = text.xcconfig; name = "Pods-Medbrain.release.xcconfig"; path = "Pods/Target Support Files/Pods-Medbrain/Pods-Medbrain.release.xcconfig"; sourceTree = "<group>"; };
		F027E28364FBFDFD8493BDF9 /* Pods-MedbrainTests.debug.xcconfig */ = {isa = PBXFileReference; includeInIndex = 1; lastKnownFileType = text.xcconfig; name = "Pods-MedbrainTests.debug.xcconfig"; path = "Pods/Target Support Files/Pods-MedbrainTests/Pods-MedbrainTests.debug.xcconfig"; sourceTree = "<group>"; };
/* End PBXFileReference section */

/* Begin PBXFrameworksBuildPhase section */
		3C0FD4CE1D6385E2009427EE /* Frameworks */ = {
			isa = PBXFrameworksBuildPhase;
			buildActionMask = 2147483647;
			files = (
				5D708BB02912ECC28116083D /* Pods_Medbrain.framework in Frameworks */,
			);
			runOnlyForDeploymentPostprocessing = 0;
		};
		3C0FD4E21D6385E2009427EE /* Frameworks */ = {
			isa = PBXFrameworksBuildPhase;
			buildActionMask = 2147483647;
			files = (
				20B41655D6E2DC47AAF9FACD /* Pods_MedbrainTests.framework in Frameworks */,
			);
			runOnlyForDeploymentPostprocessing = 0;
		};
		3C0FD4ED1D6385E2009427EE /* Frameworks */ = {
			isa = PBXFrameworksBuildPhase;
			buildActionMask = 2147483647;
			files = (
				0A7AC07E6C5B415B79087556 /* Pods_MedbrainUITests.framework in Frameworks */,
			);
			runOnlyForDeploymentPostprocessing = 0;
		};
/* End PBXFrameworksBuildPhase section */

/* Begin PBXGroup section */
		1F9B9F8B1273FE23C655289E /* Pods */ = {
			isa = PBXGroup;
			children = (
				01D8EA6EF9CEE663EADB39D1 /* Pods-Medbrain.debug.xcconfig */,
				A1AA7BE4E716D70824CD75C1 /* Pods-Medbrain.release.xcconfig */,
				F027E28364FBFDFD8493BDF9 /* Pods-MedbrainTests.debug.xcconfig */,
				8D837D47BFF4B1921426FC5A /* Pods-MedbrainTests.release.xcconfig */,
				27D90A1F7B4FA425700B44F9 /* Pods-MedbrainUITests.debug.xcconfig */,
				8453BDB2F7066F3B8F9CED95 /* Pods-MedbrainUITests.release.xcconfig */,
			);
			name = Pods;
			sourceTree = "<group>";
		};
		3C0FD4C81D6385E2009427EE = {
			isa = PBXGroup;
			children = (
				3C0FD4D31D6385E2009427EE /* Medbrain */,
				3C0FD4E81D6385E2009427EE /* MedbrainTests */,
				3C0FD4F31D6385E2009427EE /* MedbrainUITests */,
				3C0FD4D21D6385E2009427EE /* Products */,
				1F9B9F8B1273FE23C655289E /* Pods */,
				7E9B2FA8E88B3BB974BF0538 /* Frameworks */,
			);
			sourceTree = "<group>";
		};
		3C0FD4D21D6385E2009427EE /* Products */ = {
			isa = PBXGroup;
			children = (
				3C0FD4D11D6385E2009427EE /* Medbrain.app */,
				3C0FD4E51D6385E2009427EE /* MedbrainTests.xctest */,
				3C0FD4F01D6385E2009427EE /* MedbrainUITests.xctest */,
			);
			name = Products;
			sourceTree = "<group>";
		};
		3C0FD4D31D6385E2009427EE /* Medbrain */ = {
			isa = PBXGroup;
			children = (
				3C0FD50C1D639C1F009427EE /* Convenience */,
				3C0FD50A1D639BE1009427EE /* Localizable.stringsdict */,
				3C0FD4D41D6385E2009427EE /* AppDelegate.swift */,
				3C0FD5021D638E81009427EE /* SessionManager.swift */,
				3C0FD5041D638ED5009427EE /* PatientSignInViewController.swift */,
				3C0FD50D1D639C54009427EE /* MedicationOrderTableViewCell.swift */,
				3C0FD5231D63A178009427EE /* MedicationAdministrationTableViewCell.swift */,
				3C54926E1D63C3B90099D634 /* PatientDetailViewController.swift */,
				3C0FD5081D639486009427EE /* PatientMedicationsViewController.swift */,
				3C0FD5211D63A018009427EE /* MedicationDetailViewController.swift */,
				3C54926C1D63BF1B0099D634 /* CreateMedicationAdmistrationViewController.swift */,
				3C0FD5061D638FCB009427EE /* SeparatorView.swift */,
				3C0FD4D81D6385E2009427EE /* Main.storyboard */,
				3C0FD4DB1D6385E2009427EE /* Assets.xcassets */,
				3C0FD4DD1D6385E2009427EE /* LaunchScreen.storyboard */,
				3C0FD4E01D6385E2009427EE /* Info.plist */,
			);
			path = Medbrain;
			sourceTree = "<group>";
		};
		3C0FD4E81D6385E2009427EE /* MedbrainTests */ = {
			isa = PBXGroup;
			children = (
				3C0FD4E91D6385E2009427EE /* MedbrainTests.swift */,
				3C0FD4EB1D6385E2009427EE /* Info.plist */,
			);
			path = MedbrainTests;
			sourceTree = "<group>";
		};
		3C0FD4F31D6385E2009427EE /* MedbrainUITests */ = {
			isa = PBXGroup;
			children = (
				3C0FD4F41D6385E2009427EE /* MedbrainUITests.swift */,
				3C0FD4F61D6385E2009427EE /* Info.plist */,
			);
			path = MedbrainUITests;
			sourceTree = "<group>";
		};
		3C0FD50C1D639C1F009427EE /* Convenience */ = {
			isa = PBXGroup;
			children = (
				3C0FD5251D63A290009427EE /* NSDate+DateGrouping.swift */,
				3C0FD50E1D639C54009427EE /* MedicationOrder+Instructions.swift */,
				3C0FD50F1D639C54009427EE /* EventTiming.swift */,
				3C0FD5101D639C54009427EE /* LocalizedSentenceBuildingSupport.swift */,
				3C0FD5111D639C54009427EE /* TimingBounds.swift */,
				3C0FD5121D639C54009427EE /* Duration.swift */,
				3C0FD5131D639C54009427EE /* Period.swift */,
				3C0FD5141D639C54009427EE /* Frequency.swift */,
				3C0FD5151D639C54009427EE /* Combinations.swift */,
				3C0FD5161D639C54009427EE /* TimingUnit.swift */,
			);
			path = Convenience;
			sourceTree = "<group>";
		};
		7E9B2FA8E88B3BB974BF0538 /* Frameworks */ = {
			isa = PBXGroup;
			children = (
				12F04E2FC5FD3A7349DADC81 /* Pods_Medbrain.framework */,
				0B82A7D99F4C16191DE740A0 /* Pods_MedbrainTests.framework */,
				5B539FAF00C6AAE67CA0493D /* Pods_MedbrainUITests.framework */,
			);
			name = Frameworks;
			sourceTree = "<group>";
		};
/* End PBXGroup section */

/* Begin PBXNativeTarget section */
		3C0FD4D01D6385E2009427EE /* Medbrain */ = {
			isa = PBXNativeTarget;
			buildConfigurationList = 3C0FD4F91D6385E2009427EE /* Build configuration list for PBXNativeTarget "Medbrain" */;
			buildPhases = (
				60E743D2D3AB2E19DDF47E71 /* [CP] Check Pods Manifest.lock */,
				3C0FD4CD1D6385E2009427EE /* Sources */,
				3C0FD4CE1D6385E2009427EE /* Frameworks */,
				3C0FD4CF1D6385E2009427EE /* Resources */,
				F4179289BE0FF9EBF2C8C1C0 /* [CP] Embed Pods Frameworks */,
				4ED6AC690283A0ABCF4B0F7C /* [CP] Copy Pods Resources */,
			);
			buildRules = (
			);
			dependencies = (
			);
			name = Medbrain;
			productName = Medbrain;
			productReference = 3C0FD4D11D6385E2009427EE /* Medbrain.app */;
			productType = "com.apple.product-type.application";
		};
		3C0FD4E41D6385E2009427EE /* MedbrainTests */ = {
			isa = PBXNativeTarget;
			buildConfigurationList = 3C0FD4FC1D6385E2009427EE /* Build configuration list for PBXNativeTarget "MedbrainTests" */;
			buildPhases = (
				09AA076FD8AC07621F55585E /* [CP] Check Pods Manifest.lock */,
				3C0FD4E11D6385E2009427EE /* Sources */,
				3C0FD4E21D6385E2009427EE /* Frameworks */,
				3C0FD4E31D6385E2009427EE /* Resources */,
				EE57D45A0F3063013A9E389E /* [CP] Embed Pods Frameworks */,
				9CE630EF93B7FC6774B20D23 /* [CP] Copy Pods Resources */,
			);
			buildRules = (
			);
			dependencies = (
				3C0FD4E71D6385E2009427EE /* PBXTargetDependency */,
			);
			name = MedbrainTests;
			productName = MedbrainTests;
			productReference = 3C0FD4E51D6385E2009427EE /* MedbrainTests.xctest */;
			productType = "com.apple.product-type.bundle.unit-test";
		};
		3C0FD4EF1D6385E2009427EE /* MedbrainUITests */ = {
			isa = PBXNativeTarget;
			buildConfigurationList = 3C0FD4FF1D6385E2009427EE /* Build configuration list for PBXNativeTarget "MedbrainUITests" */;
			buildPhases = (
				185645F031DD9CC5975C4346 /* [CP] Check Pods Manifest.lock */,
				3C0FD4EC1D6385E2009427EE /* Sources */,
				3C0FD4ED1D6385E2009427EE /* Frameworks */,
				3C0FD4EE1D6385E2009427EE /* Resources */,
				521559EF5298A7E5112C31F2 /* [CP] Copy Pods Resources */,
			);
			buildRules = (
			);
			dependencies = (
				3C0FD4F21D6385E2009427EE /* PBXTargetDependency */,
			);
			name = MedbrainUITests;
			productName = MedbrainUITests;
			productReference = 3C0FD4F01D6385E2009427EE /* MedbrainUITests.xctest */;
			productType = "com.apple.product-type.bundle.ui-testing";
		};
/* End PBXNativeTarget section */

/* Begin PBXProject section */
		3C0FD4C91D6385E2009427EE /* Project object */ = {
			isa = PBXProject;
			attributes = {
				LastSwiftUpdateCheck = 0730;
				LastUpgradeCheck = 0730;
				ORGANIZATIONNAME = "Simon Anreiter";
				TargetAttributes = {
					3C0FD4D01D6385E2009427EE = {
						CreatedOnToolsVersion = 7.3;
					};
					3C0FD4E41D6385E2009427EE = {
						CreatedOnToolsVersion = 7.3;
						TestTargetID = 3C0FD4D01D6385E2009427EE;
					};
					3C0FD4EF1D6385E2009427EE = {
						CreatedOnToolsVersion = 7.3;
						TestTargetID = 3C0FD4D01D6385E2009427EE;
					};
				};
			};
			buildConfigurationList = 3C0FD4CC1D6385E2009427EE /* Build configuration list for PBXProject "Medbrain" */;
			compatibilityVersion = "Xcode 3.2";
			developmentRegion = English;
			hasScannedForEncodings = 0;
			knownRegions = (
				en,
				Base,
			);
			mainGroup = 3C0FD4C81D6385E2009427EE;
			productRefGroup = 3C0FD4D21D6385E2009427EE /* Products */;
			projectDirPath = "";
			projectRoot = "";
			targets = (
				3C0FD4D01D6385E2009427EE /* Medbrain */,
				3C0FD4E41D6385E2009427EE /* MedbrainTests */,
				3C0FD4EF1D6385E2009427EE /* MedbrainUITests */,
			);
		};
/* End PBXProject section */

/* Begin PBXResourcesBuildPhase section */
		3C0FD4CF1D6385E2009427EE /* Resources */ = {
			isa = PBXResourcesBuildPhase;
			buildActionMask = 2147483647;
			files = (
				3C0FD4DF1D6385E2009427EE /* LaunchScreen.storyboard in Resources */,
				3C0FD50B1D639BE1009427EE /* Localizable.stringsdict in Resources */,
				3C0FD4DC1D6385E2009427EE /* Assets.xcassets in Resources */,
				3C0FD4DA1D6385E2009427EE /* Main.storyboard in Resources */,
			);
			runOnlyForDeploymentPostprocessing = 0;
		};
		3C0FD4E31D6385E2009427EE /* Resources */ = {
			isa = PBXResourcesBuildPhase;
			buildActionMask = 2147483647;
			files = (
			);
			runOnlyForDeploymentPostprocessing = 0;
		};
		3C0FD4EE1D6385E2009427EE /* Resources */ = {
			isa = PBXResourcesBuildPhase;
			buildActionMask = 2147483647;
			files = (
			);
			runOnlyForDeploymentPostprocessing = 0;
		};
/* End PBXResourcesBuildPhase section */

/* Begin PBXShellScriptBuildPhase section */
		09AA076FD8AC07621F55585E /* [CP] Check Pods Manifest.lock */ = {
			isa = PBXShellScriptBuildPhase;
			buildActionMask = 2147483647;
			files = (
			);
			inputPaths = (
			);
			name = "[CP] Check Pods Manifest.lock";
			outputPaths = (
			);
			runOnlyForDeploymentPostprocessing = 0;
			shellPath = /bin/sh;
			shellScript = "diff \"${PODS_ROOT}/../Podfile.lock\" \"${PODS_ROOT}/Manifest.lock\" > /dev/null\nif [[ $? != 0 ]] ; then\n    cat << EOM\nerror: The sandbox is not in sync with the Podfile.lock. Run 'pod install' or update your CocoaPods installation.\nEOM\n    exit 1\nfi\n";
			showEnvVarsInLog = 0;
		};
		185645F031DD9CC5975C4346 /* [CP] Check Pods Manifest.lock */ = {
			isa = PBXShellScriptBuildPhase;
			buildActionMask = 2147483647;
			files = (
			);
			inputPaths = (
			);
			name = "[CP] Check Pods Manifest.lock";
			outputPaths = (
			);
			runOnlyForDeploymentPostprocessing = 0;
			shellPath = /bin/sh;
			shellScript = "diff \"${PODS_ROOT}/../Podfile.lock\" \"${PODS_ROOT}/Manifest.lock\" > /dev/null\nif [[ $? != 0 ]] ; then\n    cat << EOM\nerror: The sandbox is not in sync with the Podfile.lock. Run 'pod install' or update your CocoaPods installation.\nEOM\n    exit 1\nfi\n";
			showEnvVarsInLog = 0;
		};
		4ED6AC690283A0ABCF4B0F7C /* [CP] Copy Pods Resources */ = {
			isa = PBXShellScriptBuildPhase;
			buildActionMask = 2147483647;
			files = (
			);
			inputPaths = (
			);
			name = "[CP] Copy Pods Resources";
			outputPaths = (
			);
			runOnlyForDeploymentPostprocessing = 0;
			shellPath = /bin/sh;
			shellScript = "\"${SRCROOT}/Pods/Target Support Files/Pods-Medbrain/Pods-Medbrain-resources.sh\"\n";
			showEnvVarsInLog = 0;
		};
		521559EF5298A7E5112C31F2 /* [CP] Copy Pods Resources */ = {
			isa = PBXShellScriptBuildPhase;
			buildActionMask = 2147483647;
			files = (
			);
			inputPaths = (
			);
			name = "[CP] Copy Pods Resources";
			outputPaths = (
			);
			runOnlyForDeploymentPostprocessing = 0;
			shellPath = /bin/sh;
			shellScript = "\"${SRCROOT}/Pods/Target Support Files/Pods-MedbrainUITests/Pods-MedbrainUITests-resources.sh\"\n";
			showEnvVarsInLog = 0;
		};
		60E743D2D3AB2E19DDF47E71 /* [CP] Check Pods Manifest.lock */ = {
			isa = PBXShellScriptBuildPhase;
			buildActionMask = 2147483647;
			files = (
			);
			inputPaths = (
			);
			name = "[CP] Check Pods Manifest.lock";
			outputPaths = (
			);
			runOnlyForDeploymentPostprocessing = 0;
			shellPath = /bin/sh;
			shellScript = "diff \"${PODS_ROOT}/../Podfile.lock\" \"${PODS_ROOT}/Manifest.lock\" > /dev/null\nif [[ $? != 0 ]] ; then\n    cat << EOM\nerror: The sandbox is not in sync with the Podfile.lock. Run 'pod install' or update your CocoaPods installation.\nEOM\n    exit 1\nfi\n";
			showEnvVarsInLog = 0;
		};
		9CE630EF93B7FC6774B20D23 /* [CP] Copy Pods Resources */ = {
			isa = PBXShellScriptBuildPhase;
			buildActionMask = 2147483647;
			files = (
			);
			inputPaths = (
			);
			name = "[CP] Copy Pods Resources";
			outputPaths = (
			);
			runOnlyForDeploymentPostprocessing = 0;
			shellPath = /bin/sh;
			shellScript = "\"${SRCROOT}/Pods/Target Support Files/Pods-MedbrainTests/Pods-MedbrainTests-resources.sh\"\n";
			showEnvVarsInLog = 0;
		};
		EE57D45A0F3063013A9E389E /* [CP] Embed Pods Frameworks */ = {
			isa = PBXShellScriptBuildPhase;
			buildActionMask = 2147483647;
			files = (
			);
			inputPaths = (
			);
			name = "[CP] Embed Pods Frameworks";
			outputPaths = (
			);
			runOnlyForDeploymentPostprocessing = 0;
			shellPath = /bin/sh;
			shellScript = "\"${SRCROOT}/Pods/Target Support Files/Pods-MedbrainTests/Pods-MedbrainTests-frameworks.sh\"\n";
			showEnvVarsInLog = 0;
		};
		F4179289BE0FF9EBF2C8C1C0 /* [CP] Embed Pods Frameworks */ = {
			isa = PBXShellScriptBuildPhase;
			buildActionMask = 2147483647;
			files = (
			);
			inputPaths = (
			);
			name = "[CP] Embed Pods Frameworks";
			outputPaths = (
			);
			runOnlyForDeploymentPostprocessing = 0;
			shellPath = /bin/sh;
			shellScript = "\"${SRCROOT}/Pods/Target Support Files/Pods-Medbrain/Pods-Medbrain-frameworks.sh\"\n";
			showEnvVarsInLog = 0;
		};
/* End PBXShellScriptBuildPhase section */

/* Begin PBXSourcesBuildPhase section */
		3C0FD4CD1D6385E2009427EE /* Sources */ = {
			isa = PBXSourcesBuildPhase;
			buildActionMask = 2147483647;
			files = (
				3C0FD5051D638ED5009427EE /* PatientSignInViewController.swift in Sources */,
				3C0FD5261D63A290009427EE /* NSDate+DateGrouping.swift in Sources */,
				3C0FD51C1D639C54009427EE /* Duration.swift in Sources */,
				3C0FD5241D63A178009427EE /* MedicationAdministrationTableViewCell.swift in Sources */,
				3C0FD5171D639C54009427EE /* MedicationOrderTableViewCell.swift in Sources */,
				3C0FD51A1D639C54009427EE /* LocalizedSentenceBuildingSupport.swift in Sources */,
				3C0FD5091D639486009427EE /* PatientMedicationsViewController.swift in Sources */,
				3C0FD5031D638E81009427EE /* SessionManager.swift in Sources */,
				3C0FD5201D639C54009427EE /* TimingUnit.swift in Sources */,
				3C0FD5071D638FCB009427EE /* SeparatorView.swift in Sources */,
				3C0FD51F1D639C54009427EE /* Combinations.swift in Sources */,
				3C0FD51B1D639C54009427EE /* TimingBounds.swift in Sources */,
				3C0FD4D51D6385E2009427EE /* AppDelegate.swift in Sources */,
				3C0FD5191D639C54009427EE /* EventTiming.swift in Sources */,
				3C0FD51D1D639C54009427EE /* Period.swift in Sources */,
				3C0FD51E1D639C54009427EE /* Frequency.swift in Sources */,
				3C54926D1D63BF1B0099D634 /* CreateMedicationAdmistrationViewController.swift in Sources */,
				3C54926F1D63C3B90099D634 /* PatientDetailViewController.swift in Sources */,
				3C0FD5221D63A018009427EE /* MedicationDetailViewController.swift in Sources */,
				3C0FD5181D639C54009427EE /* MedicationOrder+Instructions.swift in Sources */,
			);
			runOnlyForDeploymentPostprocessing = 0;
		};
		3C0FD4E11D6385E2009427EE /* Sources */ = {
			isa = PBXSourcesBuildPhase;
			buildActionMask = 2147483647;
			files = (
				3C0FD4EA1D6385E2009427EE /* MedbrainTests.swift in Sources */,
			);
			runOnlyForDeploymentPostprocessing = 0;
		};
		3C0FD4EC1D6385E2009427EE /* Sources */ = {
			isa = PBXSourcesBuildPhase;
			buildActionMask = 2147483647;
			files = (
				3C0FD4F51D6385E2009427EE /* MedbrainUITests.swift in Sources */,
			);
			runOnlyForDeploymentPostprocessing = 0;
		};
/* End PBXSourcesBuildPhase section */

/* Begin PBXTargetDependency section */
		3C0FD4E71D6385E2009427EE /* PBXTargetDependency */ = {
			isa = PBXTargetDependency;
			target = 3C0FD4D01D6385E2009427EE /* Medbrain */;
			targetProxy = 3C0FD4E61D6385E2009427EE /* PBXContainerItemProxy */;
		};
		3C0FD4F21D6385E2009427EE /* PBXTargetDependency */ = {
			isa = PBXTargetDependency;
			target = 3C0FD4D01D6385E2009427EE /* Medbrain */;
			targetProxy = 3C0FD4F11D6385E2009427EE /* PBXContainerItemProxy */;
		};
/* End PBXTargetDependency section */

/* Begin PBXVariantGroup section */
		3C0FD4D81D6385E2009427EE /* Main.storyboard */ = {
			isa = PBXVariantGroup;
			children = (
				3C0FD4D91D6385E2009427EE /* Base */,
			);
			name = Main.storyboard;
			sourceTree = "<group>";
		};
		3C0FD4DD1D6385E2009427EE /* LaunchScreen.storyboard */ = {
			isa = PBXVariantGroup;
			children = (
				3C0FD4DE1D6385E2009427EE /* Base */,
			);
			name = LaunchScreen.storyboard;
			sourceTree = "<group>";
		};
/* End PBXVariantGroup section */

/* Begin XCBuildConfiguration section */
		3C0FD4F71D6385E2009427EE /* Debug */ = {
			isa = XCBuildConfiguration;
			buildSettings = {
				ALWAYS_SEARCH_USER_PATHS = NO;
				CLANG_ANALYZER_NONNULL = YES;
				CLANG_CXX_LANGUAGE_STANDARD = "gnu++0x";
				CLANG_CXX_LIBRARY = "libc++";
				CLANG_ENABLE_MODULES = YES;
				CLANG_ENABLE_OBJC_ARC = YES;
				CLANG_WARN_BOOL_CONVERSION = YES;
				CLANG_WARN_CONSTANT_CONVERSION = YES;
				CLANG_WARN_DIRECT_OBJC_ISA_USAGE = YES_ERROR;
				CLANG_WARN_EMPTY_BODY = YES;
				CLANG_WARN_ENUM_CONVERSION = YES;
				CLANG_WARN_INT_CONVERSION = YES;
				CLANG_WARN_OBJC_ROOT_CLASS = YES_ERROR;
				CLANG_WARN_UNREACHABLE_CODE = YES;
				CLANG_WARN__DUPLICATE_METHOD_MATCH = YES;
				"CODE_SIGN_IDENTITY[sdk=iphoneos*]" = "iPhone Developer";
				COPY_PHASE_STRIP = NO;
				DEBUG_INFORMATION_FORMAT = dwarf;
				ENABLE_STRICT_OBJC_MSGSEND = YES;
				ENABLE_TESTABILITY = YES;
				GCC_C_LANGUAGE_STANDARD = gnu99;
				GCC_DYNAMIC_NO_PIC = NO;
				GCC_NO_COMMON_BLOCKS = YES;
				GCC_OPTIMIZATION_LEVEL = 0;
				GCC_PREPROCESSOR_DEFINITIONS = (
					"DEBUG=1",
					"$(inherited)",
				);
				GCC_WARN_64_TO_32_BIT_CONVERSION = YES;
				GCC_WARN_ABOUT_RETURN_TYPE = YES_ERROR;
				GCC_WARN_UNDECLARED_SELECTOR = YES;
				GCC_WARN_UNINITIALIZED_AUTOS = YES_AGGRESSIVE;
				GCC_WARN_UNUSED_FUNCTION = YES;
				GCC_WARN_UNUSED_VARIABLE = YES;
				IPHONEOS_DEPLOYMENT_TARGET = 9.3;
				MTL_ENABLE_DEBUG_INFO = YES;
				ONLY_ACTIVE_ARCH = YES;
				SDKROOT = iphoneos;
				SWIFT_OPTIMIZATION_LEVEL = "-Onone";
				TARGETED_DEVICE_FAMILY = "1,2";
			};
			name = Debug;
		};
		3C0FD4F81D6385E2009427EE /* Release */ = {
			isa = XCBuildConfiguration;
			buildSettings = {
				ALWAYS_SEARCH_USER_PATHS = NO;
				CLANG_ANALYZER_NONNULL = YES;
				CLANG_CXX_LANGUAGE_STANDARD = "gnu++0x";
				CLANG_CXX_LIBRARY = "libc++";
				CLANG_ENABLE_MODULES = YES;
				CLANG_ENABLE_OBJC_ARC = YES;
				CLANG_WARN_BOOL_CONVERSION = YES;
				CLANG_WARN_CONSTANT_CONVERSION = YES;
				CLANG_WARN_DIRECT_OBJC_ISA_USAGE = YES_ERROR;
				CLANG_WARN_EMPTY_BODY = YES;
				CLANG_WARN_ENUM_CONVERSION = YES;
				CLANG_WARN_INT_CONVERSION = YES;
				CLANG_WARN_OBJC_ROOT_CLASS = YES_ERROR;
				CLANG_WARN_UNREACHABLE_CODE = YES;
				CLANG_WARN__DUPLICATE_METHOD_MATCH = YES;
				"CODE_SIGN_IDENTITY[sdk=iphoneos*]" = "iPhone Developer";
				COPY_PHASE_STRIP = NO;
				DEBUG_INFORMATION_FORMAT = "dwarf-with-dsym";
				ENABLE_NS_ASSERTIONS = NO;
				ENABLE_STRICT_OBJC_MSGSEND = YES;
				GCC_C_LANGUAGE_STANDARD = gnu99;
				GCC_NO_COMMON_BLOCKS = YES;
				GCC_WARN_64_TO_32_BIT_CONVERSION = YES;
				GCC_WARN_ABOUT_RETURN_TYPE = YES_ERROR;
				GCC_WARN_UNDECLARED_SELECTOR = YES;
				GCC_WARN_UNINITIALIZED_AUTOS = YES_AGGRESSIVE;
				GCC_WARN_UNUSED_FUNCTION = YES;
				GCC_WARN_UNUSED_VARIABLE = YES;
				IPHONEOS_DEPLOYMENT_TARGET = 9.3;
				MTL_ENABLE_DEBUG_INFO = NO;
				SDKROOT = iphoneos;
				TARGETED_DEVICE_FAMILY = "1,2";
				VALIDATE_PRODUCT = YES;
			};
			name = Release;
		};
		3C0FD4FA1D6385E2009427EE /* Debug */ = {
			isa = XCBuildConfiguration;
			baseConfigurationReference = 01D8EA6EF9CEE663EADB39D1 /* Pods-Medbrain.debug.xcconfig */;
			buildSettings = {
				ASSETCATALOG_COMPILER_APPICON_NAME = AppIcon;
				INFOPLIST_FILE = Medbrain/Info.plist;
				LD_RUNPATH_SEARCH_PATHS = "$(inherited) @executable_path/Frameworks";
				PRODUCT_BUNDLE_IDENTIFIER = at.simon.anreiter.Medbrain;
				PRODUCT_NAME = "$(TARGET_NAME)";
			};
			name = Debug;
		};
		3C0FD4FB1D6385E2009427EE /* Release */ = {
			isa = XCBuildConfiguration;
			baseConfigurationReference = A1AA7BE4E716D70824CD75C1 /* Pods-Medbrain.release.xcconfig */;
			buildSettings = {
				ASSETCATALOG_COMPILER_APPICON_NAME = AppIcon;
				INFOPLIST_FILE = Medbrain/Info.plist;
				LD_RUNPATH_SEARCH_PATHS = "$(inherited) @executable_path/Frameworks";
				PRODUCT_BUNDLE_IDENTIFIER = at.simon.anreiter.Medbrain;
				PRODUCT_NAME = "$(TARGET_NAME)";
			};
			name = Release;
		};
		3C0FD4FD1D6385E2009427EE /* Debug */ = {
			isa = XCBuildConfiguration;
			baseConfigurationReference = F027E28364FBFDFD8493BDF9 /* Pods-MedbrainTests.debug.xcconfig */;
			buildSettings = {
				BUNDLE_LOADER = "$(TEST_HOST)";
				INFOPLIST_FILE = MedbrainTests/Info.plist;
				LD_RUNPATH_SEARCH_PATHS = "$(inherited) @executable_path/Frameworks @loader_path/Frameworks";
				PRODUCT_BUNDLE_IDENTIFIER = at.simon.anreiter.MedbrainTests;
				PRODUCT_NAME = "$(TARGET_NAME)";
				TEST_HOST = "$(BUILT_PRODUCTS_DIR)/Medbrain.app/Medbrain";
			};
			name = Debug;
		};
		3C0FD4FE1D6385E2009427EE /* Release */ = {
			isa = XCBuildConfiguration;
			baseConfigurationReference = 8D837D47BFF4B1921426FC5A /* Pods-MedbrainTests.release.xcconfig */;
			buildSettings = {
				BUNDLE_LOADER = "$(TEST_HOST)";
				INFOPLIST_FILE = MedbrainTests/Info.plist;
				LD_RUNPATH_SEARCH_PATHS = "$(inherited) @executable_path/Frameworks @loader_path/Frameworks";
				PRODUCT_BUNDLE_IDENTIFIER = at.simon.anreiter.MedbrainTests;
				PRODUCT_NAME = "$(TARGET_NAME)";
				TEST_HOST = "$(BUILT_PRODUCTS_DIR)/Medbrain.app/Medbrain";
			};
			name = Release;
		};
		3C0FD5001D6385E2009427EE /* Debug */ = {
			isa = XCBuildConfiguration;
			baseConfigurationReference = 27D90A1F7B4FA425700B44F9 /* Pods-MedbrainUITests.debug.xcconfig */;
			buildSettings = {
				INFOPLIST_FILE = MedbrainUITests/Info.plist;
				LD_RUNPATH_SEARCH_PATHS = "$(inherited) @executable_path/Frameworks @loader_path/Frameworks";
				PRODUCT_BUNDLE_IDENTIFIER = at.simon.anreiter.MedbrainUITests;
				PRODUCT_NAME = "$(TARGET_NAME)";
				TEST_TARGET_NAME = Medbrain;
			};
			name = Debug;
		};
		3C0FD5011D6385E2009427EE /* Release */ = {
			isa = XCBuildConfiguration;
			baseConfigurationReference = 8453BDB2F7066F3B8F9CED95 /* Pods-MedbrainUITests.release.xcconfig */;
			buildSettings = {
				INFOPLIST_FILE = MedbrainUITests/Info.plist;
				LD_RUNPATH_SEARCH_PATHS = "$(inherited) @executable_path/Frameworks @loader_path/Frameworks";
				PRODUCT_BUNDLE_IDENTIFIER = at.simon.anreiter.MedbrainUITests;
				PRODUCT_NAME = "$(TARGET_NAME)";
				TEST_TARGET_NAME = Medbrain;
			};
			name = Release;
		};
/* End XCBuildConfiguration section */

/* Begin XCConfigurationList section */
		3C0FD4CC1D6385E2009427EE /* Build configuration list for PBXProject "Medbrain" */ = {
			isa = XCConfigurationList;
			buildConfigurations = (
				3C0FD4F71D6385E2009427EE /* Debug */,
				3C0FD4F81D6385E2009427EE /* Release */,
			);
			defaultConfigurationIsVisible = 0;
			defaultConfigurationName = Release;
		};
		3C0FD4F91D6385E2009427EE /* Build configuration list for PBXNativeTarget "Medbrain" */ = {
			isa = XCConfigurationList;
			buildConfigurations = (
				3C0FD4FA1D6385E2009427EE /* Debug */,
				3C0FD4FB1D6385E2009427EE /* Release */,
			);
			defaultConfigurationIsVisible = 0;
			defaultConfigurationName = Release;
		};
		3C0FD4FC1D6385E2009427EE /* Build configuration list for PBXNativeTarget "MedbrainTests" */ = {
			isa = XCConfigurationList;
			buildConfigurations = (
				3C0FD4FD1D6385E2009427EE /* Debug */,
				3C0FD4FE1D6385E2009427EE /* Release */,
			);
			defaultConfigurationIsVisible = 0;
			defaultConfigurationName = Release;
		};
		3C0FD4FF1D6385E2009427EE /* Build configuration list for PBXNativeTarget "MedbrainUITests" */ = {
			isa = XCConfigurationList;
			buildConfigurations = (
				3C0FD5001D6385E2009427EE /* Debug */,
				3C0FD5011D6385E2009427EE /* Release */,
			);
			defaultConfigurationIsVisible = 0;
			defaultConfigurationName = Release;
		};
/* End XCConfigurationList section */
	};
	rootObject = 3C0FD4C91D6385E2009427EE /* Project object */;
}
